// !$*UTF8*$!
{
	archiveVersion = 1;
	classes = {
	};
	objectVersion = 56;
	objects = {

/* Begin PBXBuildFile section */
		577710162A8A5229007993AE /* AApp.swift in Sources */ = {isa = PBXBuildFile; fileRef = 577710152A8A5229007993AE /* AApp.swift */; };
		577710182A8A5229007993AE /* ContentView.swift in Sources */ = {isa = PBXBuildFile; fileRef = 577710172A8A5229007993AE /* ContentView.swift */; };
		5777101A2A8A522B007993AE /* Assets.xcassets in Resources */ = {isa = PBXBuildFile; fileRef = 577710192A8A522B007993AE /* Assets.xcassets */; };
		5777101D2A8A522B007993AE /* Preview Assets.xcassets in Resources */ = {isa = PBXBuildFile; fileRef = 5777101C2A8A522B007993AE /* Preview Assets.xcassets */; };
		577710272A8A522B007993AE /* ATests.swift in Sources */ = {isa = PBXBuildFile; fileRef = 577710262A8A522B007993AE /* ATests.swift */; };
		577710312A8A522B007993AE /* AUITests.swift in Sources */ = {isa = PBXBuildFile; fileRef = 577710302A8A522B007993AE /* AUITests.swift */; };
		577710332A8A522B007993AE /* AUITestsLaunchTests.swift in Sources */ = {isa = PBXBuildFile; fileRef = 577710322A8A522B007993AE /* AUITestsLaunchTests.swift */; };
		577710412A8A56FC007993AE /* Algorithms in Frameworks */ = {isa = PBXBuildFile; productRef = 577710402A8A56FC007993AE /* Algorithms */; };
/* End PBXBuildFile section */

/* Begin PBXContainerItemProxy section */
		577710232A8A522B007993AE /* PBXContainerItemProxy */ = {
			isa = PBXContainerItemProxy;
			containerPortal = 5777100A2A8A5229007993AE /* Project object */;
			proxyType = 1;
			remoteGlobalIDString = 577710112A8A5229007993AE;
			remoteInfo = A;
		};
		5777102D2A8A522B007993AE /* PBXContainerItemProxy */ = {
			isa = PBXContainerItemProxy;
			containerPortal = 5777100A2A8A5229007993AE /* Project object */;
			proxyType = 1;
			remoteGlobalIDString = 577710112A8A5229007993AE;
			remoteInfo = A;
		};
/* End PBXContainerItemProxy section */

/* Begin PBXFileReference section */
		577710122A8A5229007993AE /* A.app */ = {isa = PBXFileReference; explicitFileType = wrapper.application; includeInIndex = 0; path = A.app; sourceTree = BUILT_PRODUCTS_DIR; };
		577710152A8A5229007993AE /* AApp.swift */ = {isa = PBXFileReference; lastKnownFileType = sourcecode.swift; path = AApp.swift; sourceTree = "<group>"; };
		577710172A8A5229007993AE /* ContentView.swift */ = {isa = PBXFileReference; lastKnownFileType = sourcecode.swift; path = ContentView.swift; sourceTree = "<group>"; };
		577710192A8A522B007993AE /* Assets.xcassets */ = {isa = PBXFileReference; lastKnownFileType = folder.assetcatalog; path = Assets.xcassets; sourceTree = "<group>"; };
		5777101C2A8A522B007993AE /* Preview Assets.xcassets */ = {isa = PBXFileReference; lastKnownFileType = folder.assetcatalog; path = "Preview Assets.xcassets"; sourceTree = "<group>"; };
		577710222A8A522B007993AE /* ATests.xctest */ = {isa = PBXFileReference; explicitFileType = wrapper.cfbundle; includeInIndex = 0; path = ATests.xctest; sourceTree = BUILT_PRODUCTS_DIR; };
		577710262A8A522B007993AE /* ATests.swift */ = {isa = PBXFileReference; lastKnownFileType = sourcecode.swift; path = ATests.swift; sourceTree = "<group>"; };
		5777102C2A8A522B007993AE /* AUITests.xctest */ = {isa = PBXFileReference; explicitFileType = wrapper.cfbundle; includeInIndex = 0; path = AUITests.xctest; sourceTree = BUILT_PRODUCTS_DIR; };
		577710302A8A522B007993AE /* AUITests.swift */ = {isa = PBXFileReference; lastKnownFileType = sourcecode.swift; path = AUITests.swift; sourceTree = "<group>"; };
		577710322A8A522B007993AE /* AUITestsLaunchTests.swift */ = {isa = PBXFileReference; lastKnownFileType = sourcecode.swift; path = AUITestsLaunchTests.swift; sourceTree = "<group>"; };
/* End PBXFileReference section */

/* Begin PBXFrameworksBuildPhase section */
		5777100F2A8A5229007993AE /* Frameworks */ = {
			isa = PBXFrameworksBuildPhase;
			buildActionMask = 2147483647;
			files = (
				577710412A8A56FC007993AE /* Algorithms in Frameworks */,
			);
			runOnlyForDeploymentPostprocessing = 0;
		};
		5777101F2A8A522B007993AE /* Frameworks */ = {
			isa = PBXFrameworksBuildPhase;
			buildActionMask = 2147483647;
			files = (
			);
			runOnlyForDeploymentPostprocessing = 0;
		};
		577710292A8A522B007993AE /* Frameworks */ = {
			isa = PBXFrameworksBuildPhase;
			buildActionMask = 2147483647;
			files = (
			);
			runOnlyForDeploymentPostprocessing = 0;
		};
/* End PBXFrameworksBuildPhase section */

/* Begin PBXGroup section */
		577710092A8A5229007993AE = {
			isa = PBXGroup;
			children = (
				577710142A8A5229007993AE /* A */,
				577710252A8A522B007993AE /* ATests */,
				5777102F2A8A522B007993AE /* AUITests */,
				577710132A8A5229007993AE /* Products */,
			);
			sourceTree = "<group>";
		};
		577710132A8A5229007993AE /* Products */ = {
			isa = PBXGroup;
			children = (
				577710122A8A5229007993AE /* A.app */,
				577710222A8A522B007993AE /* ATests.xctest */,
				5777102C2A8A522B007993AE /* AUITests.xctest */,
			);
			name = Products;
			sourceTree = "<group>";
		};
		577710142A8A5229007993AE /* A */ = {
			isa = PBXGroup;
			children = (
				577710152A8A5229007993AE /* AApp.swift */,
				577710172A8A5229007993AE /* ContentView.swift */,
				577710192A8A522B007993AE /* Assets.xcassets */,
				5777101B2A8A522B007993AE /* Preview Content */,
			);
			path = A;
			sourceTree = "<group>";
		};
		5777101B2A8A522B007993AE /* Preview Content */ = {
			isa = PBXGroup;
			children = (
				5777101C2A8A522B007993AE /* Preview Assets.xcassets */,
			);
			path = "Preview Content";
			sourceTree = "<group>";
		};
		577710252A8A522B007993AE /* ATests */ = {
			isa = PBXGroup;
			children = (
				577710262A8A522B007993AE /* ATests.swift */,
			);
			path = ATests;
			sourceTree = "<group>";
		};
		5777102F2A8A522B007993AE /* AUITests */ = {
			isa = PBXGroup;
			children = (
				577710302A8A522B007993AE /* AUITests.swift */,
				577710322A8A522B007993AE /* AUITestsLaunchTests.swift */,
			);
			path = AUITests;
			sourceTree = "<group>";
		};
/* End PBXGroup section */

/* Begin PBXNativeTarget section */
		577710112A8A5229007993AE /* A */ = {
			isa = PBXNativeTarget;
			buildConfigurationList = 577710362A8A522B007993AE /* Build configuration list for PBXNativeTarget "A" */;
			buildPhases = (
				5777100E2A8A5229007993AE /* Sources */,
				5777100F2A8A5229007993AE /* Frameworks */,
				577710102A8A5229007993AE /* Resources */,
			);
			buildRules = (
			);
			dependencies = (
			);
			name = A;
			packageProductDependencies = (
				577710402A8A56FC007993AE /* Algorithms */,
			);
			productName = A;
			productReference = 577710122A8A5229007993AE /* A.app */;
			productType = "com.apple.product-type.application";
		};
		577710212A8A522B007993AE /* ATests */ = {
			isa = PBXNativeTarget;
			buildConfigurationList = 577710392A8A522B007993AE /* Build configuration list for PBXNativeTarget "ATests" */;
			buildPhases = (
				5777101E2A8A522B007993AE /* Sources */,
				5777101F2A8A522B007993AE /* Frameworks */,
				577710202A8A522B007993AE /* Resources */,
			);
			buildRules = (
			);
			dependencies = (
				577710242A8A522B007993AE /* PBXTargetDependency */,
			);
			name = ATests;
			productName = ATests;
			productReference = 577710222A8A522B007993AE /* ATests.xctest */;
			productType = "com.apple.product-type.bundle.unit-test";
		};
		5777102B2A8A522B007993AE /* AUITests */ = {
			isa = PBXNativeTarget;
			buildConfigurationList = 5777103C2A8A522B007993AE /* Build configuration list for PBXNativeTarget "AUITests" */;
			buildPhases = (
				577710282A8A522B007993AE /* Sources */,
				577710292A8A522B007993AE /* Frameworks */,
				5777102A2A8A522B007993AE /* Resources */,
			);
			buildRules = (
			);
			dependencies = (
				5777102E2A8A522B007993AE /* PBXTargetDependency */,
			);
			name = AUITests;
			productName = AUITests;
			productReference = 5777102C2A8A522B007993AE /* AUITests.xctest */;
			productType = "com.apple.product-type.bundle.ui-testing";
		};
/* End PBXNativeTarget section */

/* Begin PBXProject section */
		5777100A2A8A5229007993AE /* Project object */ = {
			isa = PBXProject;
			attributes = {
				BuildIndependentTargetsInParallel = 1;
				LastSwiftUpdateCheck = 1430;
				LastUpgradeCheck = 1430;
				TargetAttributes = {
					577710112A8A5229007993AE = {
						CreatedOnToolsVersion = 14.3.1;
					};
					577710212A8A522B007993AE = {
						CreatedOnToolsVersion = 14.3.1;
						TestTargetID = 577710112A8A5229007993AE;
					};
					5777102B2A8A522B007993AE = {
						CreatedOnToolsVersion = 14.3.1;
						TestTargetID = 577710112A8A5229007993AE;
					};
				};
			};
			buildConfigurationList = 5777100D2A8A5229007993AE /* Build configuration list for PBXProject "A" */;
			compatibilityVersion = "Xcode 14.0";
			developmentRegion = en;
			hasScannedForEncodings = 0;
			knownRegions = (
				en,
				Base,
			);
			mainGroup = 577710092A8A5229007993AE;
			packageReferences = (
				5777103F2A8A56FC007993AE /* XCRemoteSwiftPackageReference "swift-algorithms" */,
			);
			productRefGroup = 577710132A8A5229007993AE /* Products */;
			projectDirPath = "";
			projectRoot = "";
			targets = (
				577710112A8A5229007993AE /* A */,
				577710212A8A522B007993AE /* ATests */,
				5777102B2A8A522B007993AE /* AUITests */,
			);
		};
/* End PBXProject section */

/* Begin PBXResourcesBuildPhase section */
		577710102A8A5229007993AE /* Resources */ = {
			isa = PBXResourcesBuildPhase;
			buildActionMask = 2147483647;
			files = (
				5777101D2A8A522B007993AE /* Preview Assets.xcassets in Resources */,
				5777101A2A8A522B007993AE /* Assets.xcassets in Resources */,
			);
			runOnlyForDeploymentPostprocessing = 0;
		};
		577710202A8A522B007993AE /* Resources */ = {
			isa = PBXResourcesBuildPhase;
			buildActionMask = 2147483647;
			files = (
			);
			runOnlyForDeploymentPostprocessing = 0;
		};
		5777102A2A8A522B007993AE /* Resources */ = {
			isa = PBXResourcesBuildPhase;
			buildActionMask = 2147483647;
			files = (
			);
			runOnlyForDeploymentPostprocessing = 0;
		};
/* End PBXResourcesBuildPhase section */

/* Begin PBXSourcesBuildPhase section */
		5777100E2A8A5229007993AE /* Sources */ = {
			isa = PBXSourcesBuildPhase;
			buildActionMask = 2147483647;
			files = (
				577710182A8A5229007993AE /* ContentView.swift in Sources */,
				577710162A8A5229007993AE /* AApp.swift in Sources */,
			);
			runOnlyForDeploymentPostprocessing = 0;
		};
		5777101E2A8A522B007993AE /* Sources */ = {
			isa = PBXSourcesBuildPhase;
			buildActionMask = 2147483647;
			files = (
				577710272A8A522B007993AE /* ATests.swift in Sources */,
			);
			runOnlyForDeploymentPostprocessing = 0;
		};
		577710282A8A522B007993AE /* Sources */ = {
			isa = PBXSourcesBuildPhase;
			buildActionMask = 2147483647;
			files = (
				577710332A8A522B007993AE /* AUITestsLaunchTests.swift in Sources */,
				577710312A8A522B007993AE /* AUITests.swift in Sources */,
			);
			runOnlyForDeploymentPostprocessing = 0;
		};
/* End PBXSourcesBuildPhase section */

/* Begin PBXTargetDependency section */
		577710242A8A522B007993AE /* PBXTargetDependency */ = {
			isa = PBXTargetDependency;
			target = 577710112A8A5229007993AE /* A */;
			targetProxy = 577710232A8A522B007993AE /* PBXContainerItemProxy */;
		};
		5777102E2A8A522B007993AE /* PBXTargetDependency */ = {
			isa = PBXTargetDependency;
			target = 577710112A8A5229007993AE /* A */;
			targetProxy = 5777102D2A8A522B007993AE /* PBXContainerItemProxy */;
		};
/* End PBXTargetDependency section */

/* Begin XCBuildConfiguration section */
		577710342A8A522B007993AE /* Debug */ = {
			isa = XCBuildConfiguration;
			buildSettings = {
				ALWAYS_SEARCH_USER_PATHS = NO;
				CLANG_ANALYZER_NONNULL = YES;
				CLANG_ANALYZER_NUMBER_OBJECT_CONVERSION = YES_AGGRESSIVE;
				CLANG_CXX_LANGUAGE_STANDARD = "gnu++20";
				CLANG_ENABLE_MODULES = YES;
				CLANG_ENABLE_OBJC_ARC = YES;
				CLANG_ENABLE_OBJC_WEAK = YES;
				CLANG_WARN_BLOCK_CAPTURE_AUTORELEASING = YES;
				CLANG_WARN_BOOL_CONVERSION = YES;
				CLANG_WARN_COMMA = YES;
				CLANG_WARN_CONSTANT_CONVERSION = YES;
				CLANG_WARN_DEPRECATED_OBJC_IMPLEMENTATIONS = YES;
				CLANG_WARN_DIRECT_OBJC_ISA_USAGE = YES_ERROR;
				CLANG_WARN_DOCUMENTATION_COMMENTS = YES;
				CLANG_WARN_EMPTY_BODY = YES;
				CLANG_WARN_ENUM_CONVERSION = YES;
				CLANG_WARN_INFINITE_RECURSION = YES;
				CLANG_WARN_INT_CONVERSION = YES;
				CLANG_WARN_NON_LITERAL_NULL_CONVERSION = YES;
				CLANG_WARN_OBJC_IMPLICIT_RETAIN_SELF = YES;
				CLANG_WARN_OBJC_LITERAL_CONVERSION = YES;
				CLANG_WARN_OBJC_ROOT_CLASS = YES_ERROR;
				CLANG_WARN_QUOTED_INCLUDE_IN_FRAMEWORK_HEADER = YES;
				CLANG_WARN_RANGE_LOOP_ANALYSIS = YES;
				CLANG_WARN_STRICT_PROTOTYPES = YES;
				CLANG_WARN_SUSPICIOUS_MOVE = YES;
				CLANG_WARN_UNGUARDED_AVAILABILITY = YES_AGGRESSIVE;
				CLANG_WARN_UNREACHABLE_CODE = YES;
				CLANG_WARN__DUPLICATE_METHOD_MATCH = YES;
				COPY_PHASE_STRIP = NO;
				DEBUG_INFORMATION_FORMAT = dwarf;
				ENABLE_STRICT_OBJC_MSGSEND = YES;
				ENABLE_TESTABILITY = YES;
				GCC_C_LANGUAGE_STANDARD = gnu11;
				GCC_DYNAMIC_NO_PIC = NO;
				GCC_NO_COMMON_BLOCKS = YES;
				GCC_OPTIMIZATION_LEVEL = 0;
				GCC_PREPROCESSOR_DEFINITIONS = (
					"DEBUG=1",
					"$(inherited)",
				);
				GCC_WARN_64_TO_32_BIT_CONVERSION = YES;
				GCC_WARN_ABOUT_RETURN_TYPE = YES_ERROR;
				GCC_WARN_UNDECLARED_SELECTOR = YES;
				GCC_WARN_UNINITIALIZED_AUTOS = YES_AGGRESSIVE;
				GCC_WARN_UNUSED_FUNCTION = YES;
				GCC_WARN_UNUSED_VARIABLE = YES;
				IPHONEOS_DEPLOYMENT_TARGET = 16.4;
				MTL_ENABLE_DEBUG_INFO = INCLUDE_SOURCE;
				MTL_FAST_MATH = YES;
				ONLY_ACTIVE_ARCH = YES;
				SDKROOT = iphoneos;
				SWIFT_ACTIVE_COMPILATION_CONDITIONS = DEBUG;
				SWIFT_OPTIMIZATION_LEVEL = "-Onone";
			};
			name = Debug;
		};
		577710352A8A522B007993AE /* Release */ = {
			isa = XCBuildConfiguration;
			buildSettings = {
				ALWAYS_SEARCH_USER_PATHS = NO;
				CLANG_ANALYZER_NONNULL = YES;
				CLANG_ANALYZER_NUMBER_OBJECT_CONVERSION = YES_AGGRESSIVE;
				CLANG_CXX_LANGUAGE_STANDARD = "gnu++20";
				CLANG_ENABLE_MODULES = YES;
				CLANG_ENABLE_OBJC_ARC = YES;
				CLANG_ENABLE_OBJC_WEAK = YES;
				CLANG_WARN_BLOCK_CAPTURE_AUTORELEASING = YES;
				CLANG_WARN_BOOL_CONVERSION = YES;
				CLANG_WARN_COMMA = YES;
				CLANG_WARN_CONSTANT_CONVERSION = YES;
				CLANG_WARN_DEPRECATED_OBJC_IMPLEMENTATIONS = YES;
				CLANG_WARN_DIRECT_OBJC_ISA_USAGE = YES_ERROR;
				CLANG_WARN_DOCUMENTATION_COMMENTS = YES;
				CLANG_WARN_EMPTY_BODY = YES;
				CLANG_WARN_ENUM_CONVERSION = YES;
				CLANG_WARN_INFINITE_RECURSION = YES;
				CLANG_WARN_INT_CONVERSION = YES;
				CLANG_WARN_NON_LITERAL_NULL_CONVERSION = YES;
				CLANG_WARN_OBJC_IMPLICIT_RETAIN_SELF = YES;
				CLANG_WARN_OBJC_LITERAL_CONVERSION = YES;
				CLANG_WARN_OBJC_ROOT_CLASS = YES_ERROR;
				CLANG_WARN_QUOTED_INCLUDE_IN_FRAMEWORK_HEADER = YES;
				CLANG_WARN_RANGE_LOOP_ANALYSIS = YES;
				CLANG_WARN_STRICT_PROTOTYPES = YES;
				CLANG_WARN_SUSPICIOUS_MOVE = YES;
				CLANG_WARN_UNGUARDED_AVAILABILITY = YES_AGGRESSIVE;
				CLANG_WARN_UNREACHABLE_CODE = YES;
				CLANG_WARN__DUPLICATE_METHOD_MATCH = YES;
				COPY_PHASE_STRIP = NO;
				DEBUG_INFORMATION_FORMAT = "dwarf-with-dsym";
				ENABLE_NS_ASSERTIONS = NO;
				ENABLE_STRICT_OBJC_MSGSEND = YES;
				GCC_C_LANGUAGE_STANDARD = gnu11;
				GCC_NO_COMMON_BLOCKS = YES;
				GCC_WARN_64_TO_32_BIT_CONVERSION = YES;
				GCC_WARN_ABOUT_RETURN_TYPE = YES_ERROR;
				GCC_WARN_UNDECLARED_SELECTOR = YES;
				GCC_WARN_UNINITIALIZED_AUTOS = YES_AGGRESSIVE;
				GCC_WARN_UNUSED_FUNCTION = YES;
				GCC_WARN_UNUSED_VARIABLE = YES;
				IPHONEOS_DEPLOYMENT_TARGET = 16.4;
				MTL_ENABLE_DEBUG_INFO = NO;
				MTL_FAST_MATH = YES;
				SDKROOT = iphoneos;
				SWIFT_COMPILATION_MODE = wholemodule;
				SWIFT_OPTIMIZATION_LEVEL = "-O";
				VALIDATE_PRODUCT = YES;
			};
			name = Release;
		};
		577710372A8A522B007993AE /* Debug */ = {
			isa = XCBuildConfiguration;
			buildSettings = {
				ASSETCATALOG_COMPILER_APPICON_NAME = AppIcon;
				ASSETCATALOG_COMPILER_GLOBAL_ACCENT_COLOR_NAME = AccentColor;
				CODE_SIGN_STYLE = Automatic;
				CURRENT_PROJECT_VERSION = 1;
				DEVELOPMENT_ASSET_PATHS = "\"A/Preview Content\"";
				DEVELOPMENT_TEAM = 2UZBQ4Q9LW;
				ENABLE_PREVIEWS = YES;
				GENERATE_INFOPLIST_FILE = YES;
				INFOPLIST_KEY_UIApplicationSceneManifest_Generation = YES;
				INFOPLIST_KEY_UIApplicationSupportsIndirectInputEvents = YES;
				INFOPLIST_KEY_UILaunchScreen_Generation = YES;
				INFOPLIST_KEY_UISupportedInterfaceOrientations_iPad = "UIInterfaceOrientationPortrait UIInterfaceOrientationPortraitUpsideDown UIInterfaceOrientationLandscapeLeft UIInterfaceOrientationLandscapeRight";
				INFOPLIST_KEY_UISupportedInterfaceOrientations_iPhone = "UIInterfaceOrientationPortrait UIInterfaceOrientationLandscapeLeft UIInterfaceOrientationLandscapeRight";
				LD_RUNPATH_SEARCH_PATHS = (
					"$(inherited)",
					"@executable_path/Frameworks",
				);
				MARKETING_VERSION = 1.0;
				PRODUCT_BUNDLE_IDENTIFIER = dev.aleos.A;
				PRODUCT_NAME = "$(TARGET_NAME)";
				SWIFT_EMIT_LOC_STRINGS = YES;
				SWIFT_VERSION = 5.0;
				TARGETED_DEVICE_FAMILY = "1,2";
			};
			name = Debug;
		};
		577710382A8A522B007993AE /* Release */ = {
			isa = XCBuildConfiguration;
			buildSettings = {
				ASSETCATALOG_COMPILER_APPICON_NAME = AppIcon;
				ASSETCATALOG_COMPILER_GLOBAL_ACCENT_COLOR_NAME = AccentColor;
				CODE_SIGN_STYLE = Automatic;
				CURRENT_PROJECT_VERSION = 1;
				DEVELOPMENT_ASSET_PATHS = "\"A/Preview Content\"";
				DEVELOPMENT_TEAM = 2UZBQ4Q9LW;
				ENABLE_PREVIEWS = YES;
				GENERATE_INFOPLIST_FILE = YES;
				INFOPLIST_KEY_UIApplicationSceneManifest_Generation = YES;
				INFOPLIST_KEY_UIApplicationSupportsIndirectInputEvents = YES;
				INFOPLIST_KEY_UILaunchScreen_Generation = YES;
				INFOPLIST_KEY_UISupportedInterfaceOrientations_iPad = "UIInterfaceOrientationPortrait UIInterfaceOrientationPortraitUpsideDown UIInterfaceOrientationLandscapeLeft UIInterfaceOrientationLandscapeRight";
				INFOPLIST_KEY_UISupportedInterfaceOrientations_iPhone = "UIInterfaceOrientationPortrait UIInterfaceOrientationLandscapeLeft UIInterfaceOrientationLandscapeRight";
				LD_RUNPATH_SEARCH_PATHS = (
					"$(inherited)",
					"@executable_path/Frameworks",
				);
				MARKETING_VERSION = 1.0;
				PRODUCT_BUNDLE_IDENTIFIER = dev.aleos.A;
				PRODUCT_NAME = "$(TARGET_NAME)";
				SWIFT_EMIT_LOC_STRINGS = YES;
				SWIFT_VERSION = 5.0;
				TARGETED_DEVICE_FAMILY = "1,2";
			};
			name = Release;
		};
		5777103A2A8A522B007993AE /* Debug */ = {
			isa = XCBuildConfiguration;
			buildSettings = {
				ALWAYS_EMBED_SWIFT_STANDARD_LIBRARIES = YES;
				BUNDLE_LOADER = "$(TEST_HOST)";
				CODE_SIGN_STYLE = Automatic;
				CURRENT_PROJECT_VERSION = 1;
				DEVELOPMENT_TEAM = 2UZBQ4Q9LW;
				GENERATE_INFOPLIST_FILE = YES;
				IPHONEOS_DEPLOYMENT_TARGET = 16.4;
				MARKETING_VERSION = 1.0;
				PRODUCT_BUNDLE_IDENTIFIER = dev.aleos.ATests;
				PRODUCT_NAME = "$(TARGET_NAME)";
				SWIFT_EMIT_LOC_STRINGS = NO;
				SWIFT_VERSION = 5.0;
				TARGETED_DEVICE_FAMILY = "1,2";
				TEST_HOST = "$(BUILT_PRODUCTS_DIR)/A.app/$(BUNDLE_EXECUTABLE_FOLDER_PATH)/A";
			};
			name = Debug;
		};
		5777103B2A8A522B007993AE /* Release */ = {
			isa = XCBuildConfiguration;
			buildSettings = {
				ALWAYS_EMBED_SWIFT_STANDARD_LIBRARIES = YES;
				BUNDLE_LOADER = "$(TEST_HOST)";
				CODE_SIGN_STYLE = Automatic;
				CURRENT_PROJECT_VERSION = 1;
				DEVELOPMENT_TEAM = 2UZBQ4Q9LW;
				GENERATE_INFOPLIST_FILE = YES;
				IPHONEOS_DEPLOYMENT_TARGET = 16.4;
				MARKETING_VERSION = 1.0;
				PRODUCT_BUNDLE_IDENTIFIER = dev.aleos.ATests;
				PRODUCT_NAME = "$(TARGET_NAME)";
				SWIFT_EMIT_LOC_STRINGS = NO;
				SWIFT_VERSION = 5.0;
				TARGETED_DEVICE_FAMILY = "1,2";
				TEST_HOST = "$(BUILT_PRODUCTS_DIR)/A.app/$(BUNDLE_EXECUTABLE_FOLDER_PATH)/A";
			};
			name = Release;
		};
		5777103D2A8A522B007993AE /* Debug */ = {
			isa = XCBuildConfiguration;
			buildSettings = {
				ALWAYS_EMBED_SWIFT_STANDARD_LIBRARIES = YES;
				CODE_SIGN_STYLE = Automatic;
				CURRENT_PROJECT_VERSION = 1;
				DEVELOPMENT_TEAM = 2UZBQ4Q9LW;
				GENERATE_INFOPLIST_FILE = YES;
				MARKETING_VERSION = 1.0;
				PRODUCT_BUNDLE_IDENTIFIER = dev.aleos.AUITests;
				PRODUCT_NAME = "$(TARGET_NAME)";
				SWIFT_EMIT_LOC_STRINGS = NO;
				SWIFT_VERSION = 5.0;
				TARGETED_DEVICE_FAMILY = "1,2";
				TEST_TARGET_NAME = A;
			};
			name = Debug;
		};
		5777103E2A8A522B007993AE /* Release */ = {
			isa = XCBuildConfiguration;
			buildSettings = {
				ALWAYS_EMBED_SWIFT_STANDARD_LIBRARIES = YES;
				CODE_SIGN_STYLE = Automatic;
				CURRENT_PROJECT_VERSION = 1;
				DEVELOPMENT_TEAM = 2UZBQ4Q9LW;
				GENERATE_INFOPLIST_FILE = YES;
				MARKETING_VERSION = 1.0;
				PRODUCT_BUNDLE_IDENTIFIER = dev.aleos.AUITests;
				PRODUCT_NAME = "$(TARGET_NAME)";
				SWIFT_EMIT_LOC_STRINGS = NO;
				SWIFT_VERSION = 5.0;
				TARGETED_DEVICE_FAMILY = "1,2";
				TEST_TARGET_NAME = A;
			};
			name = Release;
		};
/* End XCBuildConfiguration section */

/* Begin XCConfigurationList section */
		5777100D2A8A5229007993AE /* Build configuration list for PBXProject "A" */ = {
			isa = XCConfigurationList;
			buildConfigurations = (
				577710342A8A522B007993AE /* Debug */,
				577710352A8A522B007993AE /* Release */,
			);
			defaultConfigurationIsVisible = 0;
			defaultConfigurationName = Release;
		};
		577710362A8A522B007993AE /* Build configuration list for PBXNativeTarget "A" */ = {
			isa = XCConfigurationList;
			buildConfigurations = (
				577710372A8A522B007993AE /* Debug */,
				577710382A8A522B007993AE /* Release */,
			);
			defaultConfigurationIsVisible = 0;
			defaultConfigurationName = Release;
		};
		577710392A8A522B007993AE /* Build configuration list for PBXNativeTarget "ATests" */ = {
			isa = XCConfigurationList;
			buildConfigurations = (
				5777103A2A8A522B007993AE /* Debug */,
				5777103B2A8A522B007993AE /* Release */,
			);
			defaultConfigurationIsVisible = 0;
			defaultConfigurationName = Release;
		};
		5777103C2A8A522B007993AE /* Build configuration list for PBXNativeTarget "AUITests" */ = {
			isa = XCConfigurationList;
			buildConfigurations = (
				5777103D2A8A522B007993AE /* Debug */,
				5777103E2A8A522B007993AE /* Release */,
			);
			defaultConfigurationIsVisible = 0;
			defaultConfigurationName = Release;
		};
/* End XCConfigurationList section */

/* Begin XCRemoteSwiftPackageReference section */
		5777103F2A8A56FC007993AE /* XCRemoteSwiftPackageReference "swift-algorithms" */ = {
			isa = XCRemoteSwiftPackageReference;
			repositoryURL = "https://github.com/apple/swift-algorithms.git";
			requirement = {
				kind = upToNextMajorVersion;
				minimumVersion = 1.0.0;
			};
		};
/* End XCRemoteSwiftPackageReference section */

/* Begin XCSwiftPackageProductDependency section */
		577710402A8A56FC007993AE /* Algorithms */ = {
			isa = XCSwiftPackageProductDependency;
			package = 5777103F2A8A56FC007993AE /* XCRemoteSwiftPackageReference "swift-algorithms" */;
			productName = Algorithms;
		};
/* End XCSwiftPackageProductDependency section */
	};
	rootObject = 5777100A2A8A5229007993AE /* Project object */;
}
